
Microsoft Visual Studio Solution File, Format Version 12.00
# Visual Studio Version 16
VisualStudioVersion = 16.0.31605.320
MinimumVisualStudioVersion = 10.0.40219.1
Project("{FAE04EC0-301F-11D3-BF4B-00C04F79EFBC}") = "TestApplication", "TestApplication.csproj", "{75EC1269-3D01-4D3C-BC73-9E99D1172B95}"
EndProject
Global
	GlobalSection(SolutionConfigurationPlatforms) = preSolution
		Debug|Any CPU = Debug|Any CPU
		Release|Any CPU = Release|Any CPU
	EndGlobalSection
	GlobalSection(ProjectConfigurationPlatforms) = postSolution
		{75EC1269-3D01-4D3C-BC73-9E99D1172B95}.Debug|Any CPU.ActiveCfg = Debug|Any CPU
		{75EC1269-3D01-4D3C-BC73-9E99D1172B95}.Debug|Any CPU.Build.0 = Debug|Any CPU
		{75EC1269-3D01-4D3C-BC73-9E99D1172B95}.Release|Any CPU.ActiveCfg = Release|Any CPU
		{75EC1269-3D01-4D3C-BC73-9E99D1172B95}.Release|Any CPU.Build.0 = Release|Any CPU
	EndGlobalSection
	GlobalSection(SolutionProperties) = preSolution
		HideSolutionNode = FALSE
	EndGlobalSection
	GlobalSection(ExtensibilityGlobals) = postSolution
		SolutionGuid = {1863472B-5345-445E-8316-3B5B87F90F10}
	EndGlobalSection
EndGlobal
